// !$*UTF8*$!
{
	archiveVersion = 1;
	classes = {
	};
	objectVersion = 46;
	objects = {

/* Begin PBXBuildFile section */
		47E0707F198E220900DFFEF9 /* Topic.plist in Resources */ = {isa = PBXBuildFile; fileRef = 47E0707E198E220900DFFEF9 /* Topic.plist */; };
		9531D0151996ED510035FAA7 /* UserCountView.swift in Sources */ = {isa = PBXBuildFile; fileRef = 9531D0141996ED510035FAA7 /* UserCountView.swift */; };
		9531D0171997D1ED0035FAA7 /* ActivityListViewController.swift in Sources */ = {isa = PBXBuildFile; fileRef = 9531D0161997D1ED0035FAA7 /* ActivityListViewController.swift */; };
		9540823019963D6200A19C8B /* Circle.swift in Sources */ = {isa = PBXBuildFile; fileRef = 9540822F19963D6200A19C8B /* Circle.swift */; };
		9562D81A1996DE080044DAF8 /* UserButton.swift in Sources */ = {isa = PBXBuildFile; fileRef = 9562D8191996DE080044DAF8 /* UserButton.swift */; };
		9563956A198D3EDF002F3340 /* ArticalActivity.swift in Sources */ = {isa = PBXBuildFile; fileRef = 95639569198D3EDF002F3340 /* ArticalActivity.swift */; };
		95639570198D3EDF002F3340 /* Activity.swift in Sources */ = {isa = PBXBuildFile; fileRef = 9563956F198D3EDF002F3340 /* Activity.swift */; };
		95639574198D4D50002F3340 /* QuestionActivity.swift in Sources */ = {isa = PBXBuildFile; fileRef = 95639573198D4D50002F3340 /* QuestionActivity.swift */; };
		956E24501973D780006BB970 /* AppDelegate.swift in Sources */ = {isa = PBXBuildFile; fileRef = 956E244F1973D780006BB970 /* AppDelegate.swift */; };
		956E24531973D780006BB970 /* WeCenterMobile.xcdatamodeld in Sources */ = {isa = PBXBuildFile; fileRef = 956E24511973D780006BB970 /* WeCenterMobile.xcdatamodeld */; };
		959A2220198D530E00A25406 /* QuestionActivity_Topic.swift in Sources */ = {isa = PBXBuildFile; fileRef = 959A221F198D530E00A25406 /* QuestionActivity_Topic.swift */; };
		95A32EB9199222FC00E7BDE9 /* Info.plist in Resources */ = {isa = PBXBuildFile; fileRef = 95A32EB7199222FC00E7BDE9 /* Info.plist */; };
		95A32EBD19922E3800E7BDE9 /* SegmentedViewController.swift in Sources */ = {isa = PBXBuildFile; fileRef = 95A32EBC19922E3800E7BDE9 /* SegmentedViewController.swift */; };
		95A8113E198C0E91003E863B /* Model.swift in Sources */ = {isa = PBXBuildFile; fileRef = 95A81139198C0E91003E863B /* Model.swift */; };
		95A81151198C0EA4003E863B /* Discovery.strings in Resources */ = {isa = PBXBuildFile; fileRef = 95A81143198C0EA4003E863B /* Discovery.strings */; };
		95A81152198C0EA4003E863B /* Welcome.strings in Resources */ = {isa = PBXBuildFile; fileRef = 95A81145198C0EA4003E863B /* Welcome.strings */; };
		95A81153198C0EA4003E863B /* Answer.plist in Resources */ = {isa = PBXBuildFile; fileRef = 95A8114C198C0EA4003E863B /* Answer.plist */; };
		95A81154198C0EA4003E863B /* Discovery.plist in Resources */ = {isa = PBXBuildFile; fileRef = 95A8114D198C0EA4003E863B /* Discovery.plist */; };
		95A81155198C0EA4003E863B /* Question.plist in Resources */ = {isa = PBXBuildFile; fileRef = 95A8114E198C0EA4003E863B /* Question.plist */; };
		95A81156198C0EA4003E863B /* User.plist in Resources */ = {isa = PBXBuildFile; fileRef = 95A8114F198C0EA4003E863B /* User.plist */; };
		95A81157198C0EA4003E863B /* Welcome.plist in Resources */ = {isa = PBXBuildFile; fileRef = 95A81150198C0EA4003E863B /* Welcome.plist */; };
		95A811A8198C0EBA003E863B /* AFHTTPRequestOperation.m in Sources */ = {isa = PBXBuildFile; fileRef = 95A81162198C0EBA003E863B /* AFHTTPRequestOperation.m */; };
		95A811A9198C0EBA003E863B /* AFHTTPRequestOperationManager.m in Sources */ = {isa = PBXBuildFile; fileRef = 95A81164198C0EBA003E863B /* AFHTTPRequestOperationManager.m */; };
		95A811AA198C0EBA003E863B /* AFHTTPSessionManager.m in Sources */ = {isa = PBXBuildFile; fileRef = 95A81166198C0EBA003E863B /* AFHTTPSessionManager.m */; };
		95A811AB198C0EBA003E863B /* AFNetworkReachabilityManager.m in Sources */ = {isa = PBXBuildFile; fileRef = 95A81169198C0EBA003E863B /* AFNetworkReachabilityManager.m */; };
		95A811AC198C0EBA003E863B /* AFSecurityPolicy.m in Sources */ = {isa = PBXBuildFile; fileRef = 95A8116B198C0EBA003E863B /* AFSecurityPolicy.m */; };
		95A811AD198C0EBA003E863B /* AFURLConnectionOperation.m in Sources */ = {isa = PBXBuildFile; fileRef = 95A8116D198C0EBA003E863B /* AFURLConnectionOperation.m */; };
		95A811AE198C0EBA003E863B /* AFURLRequestSerialization.m in Sources */ = {isa = PBXBuildFile; fileRef = 95A8116F198C0EBA003E863B /* AFURLRequestSerialization.m */; };
		95A811AF198C0EBA003E863B /* AFURLResponseSerialization.m in Sources */ = {isa = PBXBuildFile; fileRef = 95A81171198C0EBA003E863B /* AFURLResponseSerialization.m */; };
		95A811B0198C0EBA003E863B /* AFURLSessionManager.m in Sources */ = {isa = PBXBuildFile; fileRef = 95A81173198C0EBA003E863B /* AFURLSessionManager.m */; };
		95A811B1198C0EBA003E863B /* .gitignore in Resources */ = {isa = PBXBuildFile; fileRef = 95A81175198C0EBA003E863B /* .gitignore */; };
		95A811B2198C0EBA003E863B /* Array+Accessor.swift in Sources */ = {isa = PBXBuildFile; fileRef = 95A81177198C0EBA003E863B /* Array+Accessor.swift */; };
		95A811B3198C0EBA003E863B /* Localization.swift in Sources */ = {isa = PBXBuildFile; fileRef = 95A81178198C0EBA003E863B /* Localization.swift */; };
		95A811B4198C0EBA003E863B /* Property.swift in Sources */ = {isa = PBXBuildFile; fileRef = 95A81179198C0EBA003E863B /* Property.swift */; };
		95A811B6198C0EBA003E863B /* Namespace.swift in Sources */ = {isa = PBXBuildFile; fileRef = 95A8117B198C0EBA003E863B /* Namespace.swift */; };
		95A811B8198C0EBA003E863B /* AlertAction.swift in Sources */ = {isa = PBXBuildFile; fileRef = 95A8117E198C0EBA003E863B /* AlertAction.swift */; };
		95A811B9198C0EBA003E863B /* AlertView.swift in Sources */ = {isa = PBXBuildFile; fileRef = 95A8117F198C0EBA003E863B /* AlertView.swift */; };
		95A811BA198C0EBA003E863B /* NavigationController.swift in Sources */ = {isa = PBXBuildFile; fileRef = 95A81180198C0EBA003E863B /* NavigationController.swift */; };
		95A811BB198C0EBA003E863B /* Rectangle.swift in Sources */ = {isa = PBXBuildFile; fileRef = 95A81181198C0EBA003E863B /* Rectangle.swift */; };
		95A811BC198C0EBA003E863B /* Shape.swift in Sources */ = {isa = PBXBuildFile; fileRef = 95A81182198C0EBA003E863B /* Shape.swift */; };
		95A811BD198C0EBA003E863B /* Sidebar.swift in Sources */ = {isa = PBXBuildFile; fileRef = 95A81183198C0EBA003E863B /* Sidebar.swift */; };
		95A811BE198C0EBA003E863B /* UIColor+Msr.swift in Sources */ = {isa = PBXBuildFile; fileRef = 95A81184198C0EBA003E863B /* UIColor+Msr.swift */; };
		95A811BF198C0EBA003E863B /* UIImage+Resize.swift in Sources */ = {isa = PBXBuildFile; fileRef = 95A81185198C0EBA003E863B /* UIImage+Resize.swift */; };
		95A811C0198C0EBA003E863B /* UIView+KeyboardUtility.swift in Sources */ = {isa = PBXBuildFile; fileRef = 95A81186198C0EBA003E863B /* UIView+KeyboardUtility.swift */; };
		95A811C1198C0EBA003E863B /* AFNetworkActivityIndicatorManager.m in Sources */ = {isa = PBXBuildFile; fileRef = 95A81189198C0EBA003E863B /* AFNetworkActivityIndicatorManager.m */; };
		95A811C2198C0EBA003E863B /* UIActivityIndicatorView+AFNetworking.m in Sources */ = {isa = PBXBuildFile; fileRef = 95A8118B198C0EBA003E863B /* UIActivityIndicatorView+AFNetworking.m */; };
		95A811C3198C0EBA003E863B /* UIAlertView+AFNetworking.m in Sources */ = {isa = PBXBuildFile; fileRef = 95A8118D198C0EBA003E863B /* UIAlertView+AFNetworking.m */; };
		95A811C4198C0EBA003E863B /* UIButton+AFNetworking.m in Sources */ = {isa = PBXBuildFile; fileRef = 95A8118F198C0EBA003E863B /* UIButton+AFNetworking.m */; };
		95A811C5198C0EBA003E863B /* UIImageView+AFNetworking.m in Sources */ = {isa = PBXBuildFile; fileRef = 95A81191198C0EBA003E863B /* UIImageView+AFNetworking.m */; };
		95A811C6198C0EBA003E863B /* UIProgressView+AFNetworking.m in Sources */ = {isa = PBXBuildFile; fileRef = 95A81194198C0EBA003E863B /* UIProgressView+AFNetworking.m */; };
		95A811C7198C0EBA003E863B /* UIRefreshControl+AFNetworking.m in Sources */ = {isa = PBXBuildFile; fileRef = 95A81196198C0EBA003E863B /* UIRefreshControl+AFNetworking.m */; };
		95A811C8198C0EBA003E863B /* UIWebView+AFNetworking.m in Sources */ = {isa = PBXBuildFile; fileRef = 95A81198198C0EBA003E863B /* UIWebView+AFNetworking.m */; };
		95AF0D9C1992BEBA00513031 /* Images.xcassets in Resources */ = {isa = PBXBuildFile; fileRef = 95AF0D9B1992BEBA00513031 /* Images.xcassets */; };
		95BB01A31995C3FC0049CAD2 /* DiscoveryViewController.swift in Sources */ = {isa = PBXBuildFile; fileRef = 95BB01921995C3FC0049CAD2 /* DiscoveryViewController.swift */; };
		95BB01A41995C3FC0049CAD2 /* HomeViewController.swift in Sources */ = {isa = PBXBuildFile; fileRef = 95BB01931995C3FC0049CAD2 /* HomeViewController.swift */; };
		95BB01A51995C3FC0049CAD2 /* MainViewController.swift in Sources */ = {isa = PBXBuildFile; fileRef = 95BB01941995C3FC0049CAD2 /* MainViewController.swift */; };
		95BB01A81995C3FC0049CAD2 /* UserEditViewController.swift in Sources */ = {isa = PBXBuildFile; fileRef = 95BB01971995C3FC0049CAD2 /* UserEditViewController.swift */; };
		95BB01A91995C3FC0049CAD2 /* UserViewController.swift in Sources */ = {isa = PBXBuildFile; fileRef = 95BB01981995C3FC0049CAD2 /* UserViewController.swift */; };
		95BB01AA1995C3FC0049CAD2 /* UserPostViewController.swift in Sources */ = {isa = PBXBuildFile; fileRef = 95BB01991995C3FC0049CAD2 /* UserPostViewController.swift */; };
		95BB01AB1995C3FC0049CAD2 /* WelcomeViewController.swift in Sources */ = {isa = PBXBuildFile; fileRef = 95BB019A1995C3FC0049CAD2 /* WelcomeViewController.swift */; };
		95BB01AC1995C3FC0049CAD2 /* ActivityCell.swift in Sources */ = {isa = PBXBuildFile; fileRef = 95BB019C1995C3FC0049CAD2 /* ActivityCell.swift */; };
		95BB01AD1995C3FC0049CAD2 /* LoginView.swift in Sources */ = {isa = PBXBuildFile; fileRef = 95BB019D1995C3FC0049CAD2 /* LoginView.swift */; };
		95BB01B01995C3FC0049CAD2 /* UserGenderCell.swift in Sources */ = {isa = PBXBuildFile; fileRef = 95BB01A01995C3FC0049CAD2 /* UserGenderCell.swift */; };
		95BB01B21995C3FC0049CAD2 /* WelcomeView.swift in Sources */ = {isa = PBXBuildFile; fileRef = 95BB01A21995C3FC0049CAD2 /* WelcomeView.swift */; };
		95BB01B41995CC9E0049CAD2 /* User.strings in Resources */ = {isa = PBXBuildFile; fileRef = BEC5C4F9198FA0D9002A79FF /* User.strings */; };
		95C4B936199D6495005DBC26 /* BFPaperButton.m in Sources */ = {isa = PBXBuildFile; fileRef = 95C4B924199D6495005DBC26 /* BFPaperButton.m */; };
		95C4B939199D6495005DBC26 /* BFPaperCheckbox.m in Sources */ = {isa = PBXBuildFile; fileRef = 95C4B929199D6495005DBC26 /* BFPaperCheckbox.m */; };
		95C4B93C199D6495005DBC26 /* BFPaperTableViewCell.m in Sources */ = {isa = PBXBuildFile; fileRef = 95C4B92E199D6495005DBC26 /* BFPaperTableViewCell.m */; };
		95C4B941199D6495005DBC26 /* UIColor+BFPaperColors.m in Sources */ = {isa = PBXBuildFile; fileRef = 95C4B935199D6495005DBC26 /* UIColor+BFPaperColors.m */; };
		95C695E3199EDF3B009022D8 /* User.swift in Sources */ = {isa = PBXBuildFile; fileRef = 95C695E2199EDF3B009022D8 /* User.swift */; };
		95C695E5199EE15E009022D8 /* User_Topic.swift in Sources */ = {isa = PBXBuildFile; fileRef = 95C695E4199EE15E009022D8 /* User_Topic.swift */; };
		95CDEE30199ED949000AC63F /* TopicListViewController.swift in Sources */ = {isa = PBXBuildFile; fileRef = 95CDEE2F199ED949000AC63F /* TopicListViewController.swift */; };
		95CDEE34199EDCA8000AC63F /* Topic.swift in Sources */ = {isa = PBXBuildFile; fileRef = 95CDEE33199EDCA8000AC63F /* Topic.swift */; };
		95D785F5199AF2D1009E7C5D /* LoadMoreControl.swift in Sources */ = {isa = PBXBuildFile; fileRef = 95D785F4199AF2D1009E7C5D /* LoadMoreControl.swift */; };
/* End PBXBuildFile section */

/* Begin PBXContainerItemProxy section */
		956E24601973D780006BB970 /* PBXContainerItemProxy */ = {
			isa = PBXContainerItemProxy;
			containerPortal = 956E24421973D780006BB970 /* Project object */;
			proxyType = 1;
			remoteGlobalIDString = 956E24491973D780006BB970;
			remoteInfo = WeCenterMobile;
		};
/* End PBXContainerItemProxy section */

/* Begin PBXFileReference section */
		47E0707E198E220900DFFEF9 /* Topic.plist */ = {isa = PBXFileReference; fileEncoding = 4; lastKnownFileType = text.plist.xml; path = Topic.plist; sourceTree = "<group>"; };
		9531D0141996ED510035FAA7 /* UserCountView.swift */ = {isa = PBXFileReference; fileEncoding = 4; lastKnownFileType = sourcecode.swift; path = UserCountView.swift; sourceTree = "<group>"; };
		9531D0161997D1ED0035FAA7 /* ActivityListViewController.swift */ = {isa = PBXFileReference; fileEncoding = 4; lastKnownFileType = sourcecode.swift; path = ActivityListViewController.swift; sourceTree = "<group>"; };
		9540822F19963D6200A19C8B /* Circle.swift */ = {isa = PBXFileReference; fileEncoding = 4; lastKnownFileType = sourcecode.swift; path = Circle.swift; sourceTree = "<group>"; };
		9562D8191996DE080044DAF8 /* UserButton.swift */ = {isa = PBXFileReference; fileEncoding = 4; lastKnownFileType = sourcecode.swift; path = UserButton.swift; sourceTree = "<group>"; };
		95639569198D3EDF002F3340 /* ArticalActivity.swift */ = {isa = PBXFileReference; fileEncoding = 4; lastKnownFileType = sourcecode.swift; path = ArticalActivity.swift; sourceTree = "<group>"; };
		9563956F198D3EDF002F3340 /* Activity.swift */ = {isa = PBXFileReference; fileEncoding = 4; lastKnownFileType = sourcecode.swift; path = Activity.swift; sourceTree = "<group>"; };
		95639573198D4D50002F3340 /* QuestionActivity.swift */ = {isa = PBXFileReference; fileEncoding = 4; lastKnownFileType = sourcecode.swift; path = QuestionActivity.swift; sourceTree = "<group>"; };
		956E244E1973D780006BB970 /* Info.plist */ = {isa = PBXFileReference; lastKnownFileType = text.plist.xml; path = Info.plist; sourceTree = "<group>"; };
		956E244F1973D780006BB970 /* AppDelegate.swift */ = {isa = PBXFileReference; lastKnownFileType = sourcecode.swift; path = AppDelegate.swift; sourceTree = "<group>"; };
		956E24521973D780006BB970 /* WeCenterMobile.xcdatamodel */ = {isa = PBXFileReference; lastKnownFileType = wrapper.xcdatamodel; path = WeCenterMobile.xcdatamodel; sourceTree = "<group>"; };
		956E246F1973D7BB006BB970 /* .gitignore */ = {isa = PBXFileReference; fileEncoding = 4; lastKnownFileType = text; path = .gitignore; sourceTree = SOURCE_ROOT; };
		9589BC7F1992208600C3836C /* WeCenterMobile.app */ = {isa = PBXFileReference; explicitFileType = wrapper.application; includeInIndex = 0; path = WeCenterMobile.app; sourceTree = BUILT_PRODUCTS_DIR; };
		959A221F198D530E00A25406 /* QuestionActivity_Topic.swift */ = {isa = PBXFileReference; fileEncoding = 4; lastKnownFileType = sourcecode.swift; path = QuestionActivity_Topic.swift; sourceTree = "<group>"; };
		95A32E871992223300E7BDE9 /* WeCenterMobileTests.xctest */ = {isa = PBXFileReference; explicitFileType = wrapper.cfbundle; includeInIndex = 0; path = WeCenterMobileTests.xctest; sourceTree = BUILT_PRODUCTS_DIR; };
		95A32EB7199222FC00E7BDE9 /* Info.plist */ = {isa = PBXFileReference; fileEncoding = 4; lastKnownFileType = text.plist.xml; path = Info.plist; sourceTree = "<group>"; };
		95A32EB8199222FC00E7BDE9 /* WeCenterMobileTests.swift */ = {isa = PBXFileReference; fileEncoding = 4; lastKnownFileType = sourcecode.swift; path = WeCenterMobileTests.swift; sourceTree = "<group>"; };
		95A32EBC19922E3800E7BDE9 /* SegmentedViewController.swift */ = {isa = PBXFileReference; fileEncoding = 4; lastKnownFileType = sourcecode.swift; path = SegmentedViewController.swift; sourceTree = "<group>"; };
		95A81139198C0E91003E863B /* Model.swift */ = {isa = PBXFileReference; fileEncoding = 4; lastKnownFileType = sourcecode.swift; path = Model.swift; sourceTree = "<group>"; };
		95A81144198C0EA4003E863B /* en */ = {isa = PBXFileReference; lastKnownFileType = text.plist.strings; name = en; path = en.lproj/Discovery.strings; sourceTree = "<group>"; };
		95A81146198C0EA4003E863B /* en */ = {isa = PBXFileReference; lastKnownFileType = text.plist.strings; name = en; path = en.lproj/Welcome.strings; sourceTree = "<group>"; };
		95A81147198C0EA4003E863B /* zh-Hans */ = {isa = PBXFileReference; lastKnownFileType = text.plist.strings; name = "zh-Hans"; path = "zh-Hans.lproj/Discovery.strings"; sourceTree = "<group>"; };
		95A81148198C0EA4003E863B /* zh-Hans */ = {isa = PBXFileReference; lastKnownFileType = text.plist.strings; name = "zh-Hans"; path = "zh-Hans.lproj/Welcome.strings"; sourceTree = "<group>"; };
		95A81149198C0EA4003E863B /* zh-Hant */ = {isa = PBXFileReference; lastKnownFileType = text.plist.strings; name = "zh-Hant"; path = "zh-Hant.lproj/Discovery.strings"; sourceTree = "<group>"; };
		95A8114A198C0EA4003E863B /* zh-Hant */ = {isa = PBXFileReference; lastKnownFileType = text.plist.strings; name = "zh-Hant"; path = "zh-Hant.lproj/Welcome.strings"; sourceTree = "<group>"; };
		95A8114C198C0EA4003E863B /* Answer.plist */ = {isa = PBXFileReference; fileEncoding = 4; lastKnownFileType = text.plist.xml; path = Answer.plist; sourceTree = "<group>"; };
		95A8114D198C0EA4003E863B /* Discovery.plist */ = {isa = PBXFileReference; fileEncoding = 4; lastKnownFileType = text.plist.xml; path = Discovery.plist; sourceTree = "<group>"; };
		95A8114E198C0EA4003E863B /* Question.plist */ = {isa = PBXFileReference; fileEncoding = 4; lastKnownFileType = text.plist.xml; path = Question.plist; sourceTree = "<group>"; };
		95A8114F198C0EA4003E863B /* User.plist */ = {isa = PBXFileReference; fileEncoding = 4; lastKnownFileType = text.plist.xml; path = User.plist; sourceTree = "<group>"; };
		95A81150198C0EA4003E863B /* Welcome.plist */ = {isa = PBXFileReference; fileEncoding = 4; lastKnownFileType = text.plist.xml; path = Welcome.plist; sourceTree = "<group>"; };
		95A81161198C0EBA003E863B /* AFHTTPRequestOperation.h */ = {isa = PBXFileReference; fileEncoding = 4; lastKnownFileType = sourcecode.c.h; path = AFHTTPRequestOperation.h; sourceTree = "<group>"; };
		95A81162198C0EBA003E863B /* AFHTTPRequestOperation.m */ = {isa = PBXFileReference; fileEncoding = 4; lastKnownFileType = sourcecode.c.objc; path = AFHTTPRequestOperation.m; sourceTree = "<group>"; };
		95A81163198C0EBA003E863B /* AFHTTPRequestOperationManager.h */ = {isa = PBXFileReference; fileEncoding = 4; lastKnownFileType = sourcecode.c.h; path = AFHTTPRequestOperationManager.h; sourceTree = "<group>"; };
		95A81164198C0EBA003E863B /* AFHTTPRequestOperationManager.m */ = {isa = PBXFileReference; fileEncoding = 4; lastKnownFileType = sourcecode.c.objc; path = AFHTTPRequestOperationManager.m; sourceTree = "<group>"; };
		95A81165198C0EBA003E863B /* AFHTTPSessionManager.h */ = {isa = PBXFileReference; fileEncoding = 4; lastKnownFileType = sourcecode.c.h; path = AFHTTPSessionManager.h; sourceTree = "<group>"; };
		95A81166198C0EBA003E863B /* AFHTTPSessionManager.m */ = {isa = PBXFileReference; fileEncoding = 4; lastKnownFileType = sourcecode.c.objc; path = AFHTTPSessionManager.m; sourceTree = "<group>"; };
		95A81167198C0EBA003E863B /* AFNetworking.h */ = {isa = PBXFileReference; fileEncoding = 4; lastKnownFileType = sourcecode.c.h; path = AFNetworking.h; sourceTree = "<group>"; };
		95A81168198C0EBA003E863B /* AFNetworkReachabilityManager.h */ = {isa = PBXFileReference; fileEncoding = 4; lastKnownFileType = sourcecode.c.h; path = AFNetworkReachabilityManager.h; sourceTree = "<group>"; };
		95A81169198C0EBA003E863B /* AFNetworkReachabilityManager.m */ = {isa = PBXFileReference; fileEncoding = 4; lastKnownFileType = sourcecode.c.objc; path = AFNetworkReachabilityManager.m; sourceTree = "<group>"; };
		95A8116A198C0EBA003E863B /* AFSecurityPolicy.h */ = {isa = PBXFileReference; fileEncoding = 4; lastKnownFileType = sourcecode.c.h; path = AFSecurityPolicy.h; sourceTree = "<group>"; };
		95A8116B198C0EBA003E863B /* AFSecurityPolicy.m */ = {isa = PBXFileReference; fileEncoding = 4; lastKnownFileType = sourcecode.c.objc; path = AFSecurityPolicy.m; sourceTree = "<group>"; };
		95A8116C198C0EBA003E863B /* AFURLConnectionOperation.h */ = {isa = PBXFileReference; fileEncoding = 4; lastKnownFileType = sourcecode.c.h; path = AFURLConnectionOperation.h; sourceTree = "<group>"; };
		95A8116D198C0EBA003E863B /* AFURLConnectionOperation.m */ = {isa = PBXFileReference; fileEncoding = 4; lastKnownFileType = sourcecode.c.objc; path = AFURLConnectionOperation.m; sourceTree = "<group>"; };
		95A8116E198C0EBA003E863B /* AFURLRequestSerialization.h */ = {isa = PBXFileReference; fileEncoding = 4; lastKnownFileType = sourcecode.c.h; path = AFURLRequestSerialization.h; sourceTree = "<group>"; };
		95A8116F198C0EBA003E863B /* AFURLRequestSerialization.m */ = {isa = PBXFileReference; fileEncoding = 4; lastKnownFileType = sourcecode.c.objc; path = AFURLRequestSerialization.m; sourceTree = "<group>"; };
		95A81170198C0EBA003E863B /* AFURLResponseSerialization.h */ = {isa = PBXFileReference; fileEncoding = 4; lastKnownFileType = sourcecode.c.h; path = AFURLResponseSerialization.h; sourceTree = "<group>"; };
		95A81171198C0EBA003E863B /* AFURLResponseSerialization.m */ = {isa = PBXFileReference; fileEncoding = 4; lastKnownFileType = sourcecode.c.objc; path = AFURLResponseSerialization.m; sourceTree = "<group>"; };
		95A81172198C0EBA003E863B /* AFURLSessionManager.h */ = {isa = PBXFileReference; fileEncoding = 4; lastKnownFileType = sourcecode.c.h; path = AFURLSessionManager.h; sourceTree = "<group>"; };
		95A81173198C0EBA003E863B /* AFURLSessionManager.m */ = {isa = PBXFileReference; fileEncoding = 4; lastKnownFileType = sourcecode.c.objc; path = AFURLSessionManager.m; sourceTree = "<group>"; };
		95A81175198C0EBA003E863B /* .gitignore */ = {isa = PBXFileReference; fileEncoding = 4; lastKnownFileType = text; path = .gitignore; sourceTree = "<group>"; };
		95A81177198C0EBA003E863B /* Array+Accessor.swift */ = {isa = PBXFileReference; fileEncoding = 4; lastKnownFileType = sourcecode.swift; path = "Array+Accessor.swift"; sourceTree = "<group>"; };
		95A81178198C0EBA003E863B /* Localization.swift */ = {isa = PBXFileReference; fileEncoding = 4; lastKnownFileType = sourcecode.swift; path = Localization.swift; sourceTree = "<group>"; };
		95A81179198C0EBA003E863B /* Property.swift */ = {isa = PBXFileReference; fileEncoding = 4; lastKnownFileType = sourcecode.swift; path = Property.swift; sourceTree = "<group>"; };
		95A8117A198C0EBA003E863B /* LICENSE */ = {isa = PBXFileReference; fileEncoding = 4; lastKnownFileType = text; path = LICENSE; sourceTree = "<group>"; };
		95A8117B198C0EBA003E863B /* Namespace.swift */ = {isa = PBXFileReference; fileEncoding = 4; lastKnownFileType = sourcecode.swift; path = Namespace.swift; sourceTree = "<group>"; };
		95A8117C198C0EBA003E863B /* README.md */ = {isa = PBXFileReference; fileEncoding = 4; lastKnownFileType = net.daringfireball.markdown; path = README.md; sourceTree = "<group>"; };
		95A8117E198C0EBA003E863B /* AlertAction.swift */ = {isa = PBXFileReference; fileEncoding = 4; lastKnownFileType = sourcecode.swift; path = AlertAction.swift; sourceTree = "<group>"; };
		95A8117F198C0EBA003E863B /* AlertView.swift */ = {isa = PBXFileReference; fileEncoding = 4; lastKnownFileType = sourcecode.swift; path = AlertView.swift; sourceTree = "<group>"; };
		95A81180198C0EBA003E863B /* NavigationController.swift */ = {isa = PBXFileReference; fileEncoding = 4; lastKnownFileType = sourcecode.swift; path = NavigationController.swift; sourceTree = "<group>"; };
		95A81181198C0EBA003E863B /* Rectangle.swift */ = {isa = PBXFileReference; fileEncoding = 4; lastKnownFileType = sourcecode.swift; path = Rectangle.swift; sourceTree = "<group>"; };
		95A81182198C0EBA003E863B /* Shape.swift */ = {isa = PBXFileReference; fileEncoding = 4; lastKnownFileType = sourcecode.swift; path = Shape.swift; sourceTree = "<group>"; };
		95A81183198C0EBA003E863B /* Sidebar.swift */ = {isa = PBXFileReference; fileEncoding = 4; lastKnownFileType = sourcecode.swift; path = Sidebar.swift; sourceTree = "<group>"; };
		95A81184198C0EBA003E863B /* UIColor+Msr.swift */ = {isa = PBXFileReference; fileEncoding = 4; lastKnownFileType = sourcecode.swift; path = "UIColor+Msr.swift"; sourceTree = "<group>"; };
		95A81185198C0EBA003E863B /* UIImage+Resize.swift */ = {isa = PBXFileReference; fileEncoding = 4; lastKnownFileType = sourcecode.swift; path = "UIImage+Resize.swift"; sourceTree = "<group>"; };
		95A81186198C0EBA003E863B /* UIView+KeyboardUtility.swift */ = {isa = PBXFileReference; fileEncoding = 4; lastKnownFileType = sourcecode.swift; path = "UIView+KeyboardUtility.swift"; sourceTree = "<group>"; };
		95A81188198C0EBA003E863B /* AFNetworkActivityIndicatorManager.h */ = {isa = PBXFileReference; fileEncoding = 4; lastKnownFileType = sourcecode.c.h; path = AFNetworkActivityIndicatorManager.h; sourceTree = "<group>"; };
		95A81189198C0EBA003E863B /* AFNetworkActivityIndicatorManager.m */ = {isa = PBXFileReference; fileEncoding = 4; lastKnownFileType = sourcecode.c.objc; path = AFNetworkActivityIndicatorManager.m; sourceTree = "<group>"; };
		95A8118A198C0EBA003E863B /* UIActivityIndicatorView+AFNetworking.h */ = {isa = PBXFileReference; fileEncoding = 4; lastKnownFileType = sourcecode.c.h; path = "UIActivityIndicatorView+AFNetworking.h"; sourceTree = "<group>"; };
		95A8118B198C0EBA003E863B /* UIActivityIndicatorView+AFNetworking.m */ = {isa = PBXFileReference; fileEncoding = 4; lastKnownFileType = sourcecode.c.objc; path = "UIActivityIndicatorView+AFNetworking.m"; sourceTree = "<group>"; };
		95A8118C198C0EBA003E863B /* UIAlertView+AFNetworking.h */ = {isa = PBXFileReference; fileEncoding = 4; lastKnownFileType = sourcecode.c.h; path = "UIAlertView+AFNetworking.h"; sourceTree = "<group>"; };
		95A8118D198C0EBA003E863B /* UIAlertView+AFNetworking.m */ = {isa = PBXFileReference; fileEncoding = 4; lastKnownFileType = sourcecode.c.objc; path = "UIAlertView+AFNetworking.m"; sourceTree = "<group>"; };
		95A8118E198C0EBA003E863B /* UIButton+AFNetworking.h */ = {isa = PBXFileReference; fileEncoding = 4; lastKnownFileType = sourcecode.c.h; path = "UIButton+AFNetworking.h"; sourceTree = "<group>"; };
		95A8118F198C0EBA003E863B /* UIButton+AFNetworking.m */ = {isa = PBXFileReference; fileEncoding = 4; lastKnownFileType = sourcecode.c.objc; path = "UIButton+AFNetworking.m"; sourceTree = "<group>"; };
		95A81190198C0EBA003E863B /* UIImageView+AFNetworking.h */ = {isa = PBXFileReference; fileEncoding = 4; lastKnownFileType = sourcecode.c.h; path = "UIImageView+AFNetworking.h"; sourceTree = "<group>"; };
		95A81191198C0EBA003E863B /* UIImageView+AFNetworking.m */ = {isa = PBXFileReference; fileEncoding = 4; lastKnownFileType = sourcecode.c.objc; path = "UIImageView+AFNetworking.m"; sourceTree = "<group>"; };
		95A81192198C0EBA003E863B /* UIKit+AFNetworking.h */ = {isa = PBXFileReference; fileEncoding = 4; lastKnownFileType = sourcecode.c.h; path = "UIKit+AFNetworking.h"; sourceTree = "<group>"; };
		95A81193198C0EBA003E863B /* UIProgressView+AFNetworking.h */ = {isa = PBXFileReference; fileEncoding = 4; lastKnownFileType = sourcecode.c.h; path = "UIProgressView+AFNetworking.h"; sourceTree = "<group>"; };
		95A81194198C0EBA003E863B /* UIProgressView+AFNetworking.m */ = {isa = PBXFileReference; fileEncoding = 4; lastKnownFileType = sourcecode.c.objc; path = "UIProgressView+AFNetworking.m"; sourceTree = "<group>"; };
		95A81195198C0EBA003E863B /* UIRefreshControl+AFNetworking.h */ = {isa = PBXFileReference; fileEncoding = 4; lastKnownFileType = sourcecode.c.h; path = "UIRefreshControl+AFNetworking.h"; sourceTree = "<group>"; };
		95A81196198C0EBA003E863B /* UIRefreshControl+AFNetworking.m */ = {isa = PBXFileReference; fileEncoding = 4; lastKnownFileType = sourcecode.c.objc; path = "UIRefreshControl+AFNetworking.m"; sourceTree = "<group>"; };
		95A81197198C0EBA003E863B /* UIWebView+AFNetworking.h */ = {isa = PBXFileReference; fileEncoding = 4; lastKnownFileType = sourcecode.c.h; path = "UIWebView+AFNetworking.h"; sourceTree = "<group>"; };
		95A81198198C0EBA003E863B /* UIWebView+AFNetworking.m */ = {isa = PBXFileReference; fileEncoding = 4; lastKnownFileType = sourcecode.c.objc; path = "UIWebView+AFNetworking.m"; sourceTree = "<group>"; };
		95AF0D9B1992BEBA00513031 /* Images.xcassets */ = {isa = PBXFileReference; lastKnownFileType = folder.assetcatalog; path = Images.xcassets; sourceTree = "<group>"; };
		95BB01921995C3FC0049CAD2 /* DiscoveryViewController.swift */ = {isa = PBXFileReference; fileEncoding = 4; lastKnownFileType = sourcecode.swift; path = DiscoveryViewController.swift; sourceTree = "<group>"; };
		95BB01931995C3FC0049CAD2 /* HomeViewController.swift */ = {isa = PBXFileReference; fileEncoding = 4; lastKnownFileType = sourcecode.swift; path = HomeViewController.swift; sourceTree = "<group>"; };
		95BB01941995C3FC0049CAD2 /* MainViewController.swift */ = {isa = PBXFileReference; fileEncoding = 4; lastKnownFileType = sourcecode.swift; path = MainViewController.swift; sourceTree = "<group>"; };
		95BB01971995C3FC0049CAD2 /* UserEditViewController.swift */ = {isa = PBXFileReference; fileEncoding = 4; lastKnownFileType = sourcecode.swift; path = UserEditViewController.swift; sourceTree = "<group>"; };
		95BB01981995C3FC0049CAD2 /* UserViewController.swift */ = {isa = PBXFileReference; fileEncoding = 4; lastKnownFileType = sourcecode.swift; path = UserViewController.swift; sourceTree = "<group>"; };
		95BB01991995C3FC0049CAD2 /* UserPostViewController.swift */ = {isa = PBXFileReference; fileEncoding = 4; lastKnownFileType = sourcecode.swift; path = UserPostViewController.swift; sourceTree = "<group>"; };
		95BB019A1995C3FC0049CAD2 /* WelcomeViewController.swift */ = {isa = PBXFileReference; fileEncoding = 4; lastKnownFileType = sourcecode.swift; path = WelcomeViewController.swift; sourceTree = "<group>"; };
		95BB019C1995C3FC0049CAD2 /* ActivityCell.swift */ = {isa = PBXFileReference; fileEncoding = 4; lastKnownFileType = sourcecode.swift; path = ActivityCell.swift; sourceTree = "<group>"; };
		95BB019D1995C3FC0049CAD2 /* LoginView.swift */ = {isa = PBXFileReference; fileEncoding = 4; lastKnownFileType = sourcecode.swift; path = LoginView.swift; sourceTree = "<group>"; };
		95BB01A01995C3FC0049CAD2 /* UserGenderCell.swift */ = {isa = PBXFileReference; fileEncoding = 4; lastKnownFileType = sourcecode.swift; path = UserGenderCell.swift; sourceTree = "<group>"; };
		95BB01A21995C3FC0049CAD2 /* WelcomeView.swift */ = {isa = PBXFileReference; fileEncoding = 4; lastKnownFileType = sourcecode.swift; path = WelcomeView.swift; sourceTree = "<group>"; };
		95BB01B31995CA140049CAD2 /* zh-Hant */ = {isa = PBXFileReference; lastKnownFileType = text.plist.strings; name = "zh-Hant"; path = "zh-Hant.lproj/User.strings"; sourceTree = "<group>"; };
		95C4B923199D6495005DBC26 /* BFPaperButton.h */ = {isa = PBXFileReference; fileEncoding = 4; lastKnownFileType = sourcecode.c.h; path = BFPaperButton.h; sourceTree = "<group>"; };
		95C4B924199D6495005DBC26 /* BFPaperButton.m */ = {isa = PBXFileReference; fileEncoding = 4; lastKnownFileType = sourcecode.c.objc; path = BFPaperButton.m; sourceTree = "<group>"; };
		95C4B925199D6495005DBC26 /* LICENSE.md */ = {isa = PBXFileReference; fileEncoding = 4; lastKnownFileType = net.daringfireball.markdown; path = LICENSE.md; sourceTree = "<group>"; };
		95C4B926199D6495005DBC26 /* README.md */ = {isa = PBXFileReference; fileEncoding = 4; lastKnownFileType = net.daringfireball.markdown; path = README.md; sourceTree = "<group>"; };
		95C4B928199D6495005DBC26 /* BFPaperCheckbox.h */ = {isa = PBXFileReference; fileEncoding = 4; lastKnownFileType = sourcecode.c.h; path = BFPaperCheckbox.h; sourceTree = "<group>"; };
		95C4B929199D6495005DBC26 /* BFPaperCheckbox.m */ = {isa = PBXFileReference; fileEncoding = 4; lastKnownFileType = sourcecode.c.objc; path = BFPaperCheckbox.m; sourceTree = "<group>"; };
		95C4B92A199D6495005DBC26 /* LICENSE.md */ = {isa = PBXFileReference; fileEncoding = 4; lastKnownFileType = net.daringfireball.markdown; path = LICENSE.md; sourceTree = "<group>"; };
		95C4B92B199D6495005DBC26 /* README.md */ = {isa = PBXFileReference; fileEncoding = 4; lastKnownFileType = net.daringfireball.markdown; path = README.md; sourceTree = "<group>"; };
		95C4B92D199D6495005DBC26 /* BFPaperTableViewCell.h */ = {isa = PBXFileReference; fileEncoding = 4; lastKnownFileType = sourcecode.c.h; path = BFPaperTableViewCell.h; sourceTree = "<group>"; };
		95C4B92E199D6495005DBC26 /* BFPaperTableViewCell.m */ = {isa = PBXFileReference; fileEncoding = 4; lastKnownFileType = sourcecode.c.objc; path = BFPaperTableViewCell.m; sourceTree = "<group>"; };
		95C4B92F199D6495005DBC26 /* LICENSE.md */ = {isa = PBXFileReference; fileEncoding = 4; lastKnownFileType = net.daringfireball.markdown; path = LICENSE.md; sourceTree = "<group>"; };
		95C4B930199D6495005DBC26 /* README.md */ = {isa = PBXFileReference; fileEncoding = 4; lastKnownFileType = net.daringfireball.markdown; path = README.md; sourceTree = "<group>"; };
		95C4B932199D6495005DBC26 /* LICENSE.md */ = {isa = PBXFileReference; fileEncoding = 4; lastKnownFileType = net.daringfireball.markdown; path = LICENSE.md; sourceTree = "<group>"; };
		95C4B933199D6495005DBC26 /* README.md */ = {isa = PBXFileReference; fileEncoding = 4; lastKnownFileType = net.daringfireball.markdown; path = README.md; sourceTree = "<group>"; };
		95C4B934199D6495005DBC26 /* UIColor+BFPaperColors.h */ = {isa = PBXFileReference; fileEncoding = 4; lastKnownFileType = sourcecode.c.h; path = "UIColor+BFPaperColors.h"; sourceTree = "<group>"; };
		95C4B935199D6495005DBC26 /* UIColor+BFPaperColors.m */ = {isa = PBXFileReference; fileEncoding = 4; lastKnownFileType = sourcecode.c.objc; path = "UIColor+BFPaperColors.m"; sourceTree = "<group>"; };
		95C695E2199EDF3B009022D8 /* User.swift */ = {isa = PBXFileReference; fileEncoding = 4; lastKnownFileType = sourcecode.swift; path = User.swift; sourceTree = "<group>"; };
		95C695E4199EE15E009022D8 /* User_Topic.swift */ = {isa = PBXFileReference; fileEncoding = 4; lastKnownFileType = sourcecode.swift; path = User_Topic.swift; sourceTree = "<group>"; };
		95CDEE2F199ED949000AC63F /* TopicListViewController.swift */ = {isa = PBXFileReference; fileEncoding = 4; lastKnownFileType = sourcecode.swift; path = TopicListViewController.swift; sourceTree = "<group>"; };
		95CDEE33199EDCA8000AC63F /* Topic.swift */ = {isa = PBXFileReference; fileEncoding = 4; lastKnownFileType = sourcecode.swift; path = Topic.swift; sourceTree = "<group>"; };
		95D785F4199AF2D1009E7C5D /* LoadMoreControl.swift */ = {isa = PBXFileReference; fileEncoding = 4; lastKnownFileType = sourcecode.swift; path = LoadMoreControl.swift; sourceTree = "<group>"; };
		95E8502F197CF5F000064FF0 /* Header.h */ = {isa = PBXFileReference; lastKnownFileType = sourcecode.c.h; path = Header.h; sourceTree = "<group>"; };
		95F0BFFA19743CDD0018928B /* LICENSE */ = {isa = PBXFileReference; fileEncoding = 4; lastKnownFileType = text; path = LICENSE; sourceTree = SOURCE_ROOT; };
		95F0BFFB19743CDD0018928B /* README.md */ = {isa = PBXFileReference; fileEncoding = 4; lastKnownFileType = net.daringfireball.markdown; path = README.md; sourceTree = SOURCE_ROOT; };
		BEC5C4F8198FA0D9002A79FF /* en */ = {isa = PBXFileReference; lastKnownFileType = text.plist.strings; name = en; path = en.lproj/User.strings; sourceTree = "<group>"; };
		BEC5C4FA198FA0DC002A79FF /* zh-Hans */ = {isa = PBXFileReference; lastKnownFileType = text.plist.strings; name = "zh-Hans"; path = "zh-Hans.lproj/User.strings"; sourceTree = "<group>"; };
/* End PBXFileReference section */

/* Begin PBXFrameworksBuildPhase section */
		956E24471973D780006BB970 /* Frameworks */ = {
			isa = PBXFrameworksBuildPhase;
			buildActionMask = 2147483647;
			files = (
			);
			runOnlyForDeploymentPostprocessing = 0;
		};
		956E245C1973D780006BB970 /* Frameworks */ = {
			isa = PBXFrameworksBuildPhase;
			buildActionMask = 2147483647;
			files = (
			);
			runOnlyForDeploymentPostprocessing = 0;
		};
/* End PBXFrameworksBuildPhase section */

/* Begin PBXGroup section */
		956E24411973D780006BB970 = {
			isa = PBXGroup;
			children = (
				956E244C1973D780006BB970 /* WeCenterMobile */,
				95A32EB6199222FC00E7BDE9 /* WeCenterMobileTests */,
				9589BC811992209500C3836C /* Product */,
			);
			sourceTree = "<group>";
		};
		956E244C1973D780006BB970 /* WeCenterMobile */ = {
			isa = PBXGroup;
			children = (
				956E244F1973D780006BB970 /* AppDelegate.swift */,
				95E8502F197CF5F000064FF0 /* Header.h */,
				95A81137198C0E91003E863B /* Model */,
				95BB019B1995C3FC0049CAD2 /* View */,
				95BB01911995C3FC0049CAD2 /* Controller */,
				95A8115F198C0EBA003E863B /* External */,
				95AF0D9B1992BEBA00513031 /* Images.xcassets */,
				956E24511973D780006BB970 /* WeCenterMobile.xcdatamodeld */,
				956E244D1973D780006BB970 /* Supporting Files */,
				956E246F1973D7BB006BB970 /* .gitignore */,
				95F0BFFA19743CDD0018928B /* LICENSE */,
				95F0BFFB19743CDD0018928B /* README.md */,
			);
			path = WeCenterMobile;
			sourceTree = "<group>";
		};
		956E244D1973D780006BB970 /* Supporting Files */ = {
			isa = PBXGroup;
			children = (
				95A81142198C0EA4003E863B /* Localization */,
				95A8114B198C0EA4003E863B /* Customization */,
				956E244E1973D780006BB970 /* Info.plist */,
			);
			name = "Supporting Files";
			sourceTree = "<group>";
		};
		9589BC811992209500C3836C /* Product */ = {
			isa = PBXGroup;
			children = (
				9589BC7F1992208600C3836C /* WeCenterMobile.app */,
				95A32E871992223300E7BDE9 /* WeCenterMobileTests.xctest */,
			);
			name = Product;
			sourceTree = "<group>";
		};
		95A32EB6199222FC00E7BDE9 /* WeCenterMobileTests */ = {
			isa = PBXGroup;
			children = (
				95A32EBB1992233200E7BDE9 /* Supporting Files */,
				95A32EB8199222FC00E7BDE9 /* WeCenterMobileTests.swift */,
			);
			path = WeCenterMobileTests;
			sourceTree = "<group>";
		};
		95A32EBB1992233200E7BDE9 /* Supporting Files */ = {
			isa = PBXGroup;
			children = (
				95A32EB7199222FC00E7BDE9 /* Info.plist */,
			);
			name = "Supporting Files";
			sourceTree = "<group>";
		};
		95A81137198C0E91003E863B /* Model */ = {
			isa = PBXGroup;
			children = (
				95C695E2199EDF3B009022D8 /* User.swift */,
				95C695E4199EE15E009022D8 /* User_Topic.swift */,
				95A81139198C0E91003E863B /* Model.swift */,
				9563956F198D3EDF002F3340 /* Activity.swift */,
				95639569198D3EDF002F3340 /* ArticalActivity.swift */,
				95639573198D4D50002F3340 /* QuestionActivity.swift */,
				959A221F198D530E00A25406 /* QuestionActivity_Topic.swift */,
				95CDEE33199EDCA8000AC63F /* Topic.swift */,
			);
			path = Model;
			sourceTree = "<group>";
		};
		95A81142198C0EA4003E863B /* Localization */ = {
			isa = PBXGroup;
			children = (
				95A81143198C0EA4003E863B /* Discovery.strings */,
				95A81145198C0EA4003E863B /* Welcome.strings */,
				BEC5C4F9198FA0D9002A79FF /* User.strings */,
			);
			path = Localization;
			sourceTree = "<group>";
		};
		95A8114B198C0EA4003E863B /* Customization */ = {
			isa = PBXGroup;
			children = (
				47E0707E198E220900DFFEF9 /* Topic.plist */,
				95A8114C198C0EA4003E863B /* Answer.plist */,
				95A8114D198C0EA4003E863B /* Discovery.plist */,
				95A8114E198C0EA4003E863B /* Question.plist */,
				95A8114F198C0EA4003E863B /* User.plist */,
				95A81150198C0EA4003E863B /* Welcome.plist */,
			);
			path = Customization;
			sourceTree = "<group>";
		};
		95A8115F198C0EBA003E863B /* External */ = {
			isa = PBXGroup;
			children = (
				95A81160198C0EBA003E863B /* AFNetworking */,
				95C4B922199D6495005DBC26 /* BFPaperButton */,
				95C4B927199D6495005DBC26 /* BFPaperCheckbox */,
				95C4B92C199D6495005DBC26 /* BFPaperTableViewCell */,
				95C4B931199D6495005DBC26 /* UIColor+BFPaperColors */,
				95A81174198C0EBA003E863B /* Msr */,
				95A81187198C0EBA003E863B /* UIKit+AFNetworking */,
			);
			path = External;
			sourceTree = "<group>";
		};
		95A81160198C0EBA003E863B /* AFNetworking */ = {
			isa = PBXGroup;
			children = (
				95A81161198C0EBA003E863B /* AFHTTPRequestOperation.h */,
				95A81162198C0EBA003E863B /* AFHTTPRequestOperation.m */,
				95A81163198C0EBA003E863B /* AFHTTPRequestOperationManager.h */,
				95A81164198C0EBA003E863B /* AFHTTPRequestOperationManager.m */,
				95A81165198C0EBA003E863B /* AFHTTPSessionManager.h */,
				95A81166198C0EBA003E863B /* AFHTTPSessionManager.m */,
				95A81167198C0EBA003E863B /* AFNetworking.h */,
				95A81168198C0EBA003E863B /* AFNetworkReachabilityManager.h */,
				95A81169198C0EBA003E863B /* AFNetworkReachabilityManager.m */,
				95A8116A198C0EBA003E863B /* AFSecurityPolicy.h */,
				95A8116B198C0EBA003E863B /* AFSecurityPolicy.m */,
				95A8116C198C0EBA003E863B /* AFURLConnectionOperation.h */,
				95A8116D198C0EBA003E863B /* AFURLConnectionOperation.m */,
				95A8116E198C0EBA003E863B /* AFURLRequestSerialization.h */,
				95A8116F198C0EBA003E863B /* AFURLRequestSerialization.m */,
				95A81170198C0EBA003E863B /* AFURLResponseSerialization.h */,
				95A81171198C0EBA003E863B /* AFURLResponseSerialization.m */,
				95A81172198C0EBA003E863B /* AFURLSessionManager.h */,
				95A81173198C0EBA003E863B /* AFURLSessionManager.m */,
			);
			path = AFNetworking;
			sourceTree = "<group>";
		};
		95A81174198C0EBA003E863B /* Msr */ = {
			isa = PBXGroup;
			children = (
				95A81175198C0EBA003E863B /* .gitignore */,
				95A8117A198C0EBA003E863B /* LICENSE */,
				95A8117B198C0EBA003E863B /* Namespace.swift */,
				95A8117C198C0EBA003E863B /* README.md */,
				95A81176198C0EBA003E863B /* Data */,
				95A8117D198C0EBA003E863B /* UI */,
			);
			path = Msr;
			sourceTree = "<group>";
		};
		95A81176198C0EBA003E863B /* Data */ = {
			isa = PBXGroup;
			children = (
				95A81177198C0EBA003E863B /* Array+Accessor.swift */,
				95A81178198C0EBA003E863B /* Localization.swift */,
				95A81179198C0EBA003E863B /* Property.swift */,
			);
			path = Data;
			sourceTree = "<group>";
		};
		95A8117D198C0EBA003E863B /* UI */ = {
			isa = PBXGroup;
			children = (
				95A8117E198C0EBA003E863B /* AlertAction.swift */,
				95A8117F198C0EBA003E863B /* AlertView.swift */,
				95A81180198C0EBA003E863B /* NavigationController.swift */,
				95A81181198C0EBA003E863B /* Rectangle.swift */,
				9540822F19963D6200A19C8B /* Circle.swift */,
				95A81182198C0EBA003E863B /* Shape.swift */,
				95A81183198C0EBA003E863B /* Sidebar.swift */,
				95A81184198C0EBA003E863B /* UIColor+Msr.swift */,
				95A81185198C0EBA003E863B /* UIImage+Resize.swift */,
				95A81186198C0EBA003E863B /* UIView+KeyboardUtility.swift */,
				95A32EBC19922E3800E7BDE9 /* SegmentedViewController.swift */,
				95D785F4199AF2D1009E7C5D /* LoadMoreControl.swift */,
			);
			path = UI;
			sourceTree = "<group>";
		};
		95A81187198C0EBA003E863B /* UIKit+AFNetworking */ = {
			isa = PBXGroup;
			children = (
				95A81188198C0EBA003E863B /* AFNetworkActivityIndicatorManager.h */,
				95A81189198C0EBA003E863B /* AFNetworkActivityIndicatorManager.m */,
				95A8118A198C0EBA003E863B /* UIActivityIndicatorView+AFNetworking.h */,
				95A8118B198C0EBA003E863B /* UIActivityIndicatorView+AFNetworking.m */,
				95A8118C198C0EBA003E863B /* UIAlertView+AFNetworking.h */,
				95A8118D198C0EBA003E863B /* UIAlertView+AFNetworking.m */,
				95A8118E198C0EBA003E863B /* UIButton+AFNetworking.h */,
				95A8118F198C0EBA003E863B /* UIButton+AFNetworking.m */,
				95A81190198C0EBA003E863B /* UIImageView+AFNetworking.h */,
				95A81191198C0EBA003E863B /* UIImageView+AFNetworking.m */,
				95A81192198C0EBA003E863B /* UIKit+AFNetworking.h */,
				95A81193198C0EBA003E863B /* UIProgressView+AFNetworking.h */,
				95A81194198C0EBA003E863B /* UIProgressView+AFNetworking.m */,
				95A81195198C0EBA003E863B /* UIRefreshControl+AFNetworking.h */,
				95A81196198C0EBA003E863B /* UIRefreshControl+AFNetworking.m */,
				95A81197198C0EBA003E863B /* UIWebView+AFNetworking.h */,
				95A81198198C0EBA003E863B /* UIWebView+AFNetworking.m */,
			);
			path = "UIKit+AFNetworking";
			sourceTree = "<group>";
		};
		95BB01911995C3FC0049CAD2 /* Controller */ = {
			isa = PBXGroup;
			children = (
				95BB01921995C3FC0049CAD2 /* DiscoveryViewController.swift */,
				9531D0161997D1ED0035FAA7 /* ActivityListViewController.swift */,
				95BB01931995C3FC0049CAD2 /* HomeViewController.swift */,
				95BB01941995C3FC0049CAD2 /* MainViewController.swift */,
				95CDEE2F199ED949000AC63F /* TopicListViewController.swift */,
				95BB01971995C3FC0049CAD2 /* UserEditViewController.swift */,
				95BB01981995C3FC0049CAD2 /* UserViewController.swift */,
				95BB01991995C3FC0049CAD2 /* UserPostViewController.swift */,
				95BB019A1995C3FC0049CAD2 /* WelcomeViewController.swift */,
			);
			path = Controller;
			sourceTree = "<group>";
		};
		95BB019B1995C3FC0049CAD2 /* View */ = {
			isa = PBXGroup;
			children = (
				95BB019C1995C3FC0049CAD2 /* ActivityCell.swift */,
				95BB019D1995C3FC0049CAD2 /* LoginView.swift */,
				95BB01A01995C3FC0049CAD2 /* UserGenderCell.swift */,
				95BB01A21995C3FC0049CAD2 /* WelcomeView.swift */,
				9562D8191996DE080044DAF8 /* UserButton.swift */,
				9531D0141996ED510035FAA7 /* UserCountView.swift */,
			);
			path = View;
			sourceTree = "<group>";
		};
		95C4B922199D6495005DBC26 /* BFPaperButton */ = {
			isa = PBXGroup;
			children = (
				95C4B923199D6495005DBC26 /* BFPaperButton.h */,
				95C4B924199D6495005DBC26 /* BFPaperButton.m */,
				95C4B925199D6495005DBC26 /* LICENSE.md */,
				95C4B926199D6495005DBC26 /* README.md */,
			);
			path = BFPaperButton;
			sourceTree = "<group>";
		};
		95C4B927199D6495005DBC26 /* BFPaperCheckbox */ = {
			isa = PBXGroup;
			children = (
				95C4B928199D6495005DBC26 /* BFPaperCheckbox.h */,
				95C4B929199D6495005DBC26 /* BFPaperCheckbox.m */,
				95C4B92A199D6495005DBC26 /* LICENSE.md */,
				95C4B92B199D6495005DBC26 /* README.md */,
			);
			path = BFPaperCheckbox;
			sourceTree = "<group>";
		};
		95C4B92C199D6495005DBC26 /* BFPaperTableViewCell */ = {
			isa = PBXGroup;
			children = (
				95C4B92D199D6495005DBC26 /* BFPaperTableViewCell.h */,
				95C4B92E199D6495005DBC26 /* BFPaperTableViewCell.m */,
				95C4B92F199D6495005DBC26 /* LICENSE.md */,
				95C4B930199D6495005DBC26 /* README.md */,
			);
			path = BFPaperTableViewCell;
			sourceTree = "<group>";
		};
		95C4B931199D6495005DBC26 /* UIColor+BFPaperColors */ = {
			isa = PBXGroup;
			children = (
				95C4B932199D6495005DBC26 /* LICENSE.md */,
				95C4B933199D6495005DBC26 /* README.md */,
				95C4B934199D6495005DBC26 /* UIColor+BFPaperColors.h */,
				95C4B935199D6495005DBC26 /* UIColor+BFPaperColors.m */,
			);
			path = "UIColor+BFPaperColors";
			sourceTree = "<group>";
		};
/* End PBXGroup section */

/* Begin PBXNativeTarget section */
		956E24491973D780006BB970 /* WeCenterMobile */ = {
			isa = PBXNativeTarget;
			buildConfigurationList = 956E24691973D780006BB970 /* Build configuration list for PBXNativeTarget "WeCenterMobile" */;
			buildPhases = (
				956E24461973D780006BB970 /* Sources */,
				956E24471973D780006BB970 /* Frameworks */,
				956E24481973D780006BB970 /* Resources */,
			);
			buildRules = (
			);
			dependencies = (
			);
			name = WeCenterMobile;
			productName = WeCenterMobile;
			productReference = 9589BC7F1992208600C3836C /* WeCenterMobile.app */;
			productType = "com.apple.product-type.application";
		};
		956E245E1973D780006BB970 /* WeCenterMobileTests */ = {
			isa = PBXNativeTarget;
			buildConfigurationList = 956E246C1973D780006BB970 /* Build configuration list for PBXNativeTarget "WeCenterMobileTests" */;
			buildPhases = (
				956E245B1973D780006BB970 /* Sources */,
				956E245C1973D780006BB970 /* Frameworks */,
				956E245D1973D780006BB970 /* Resources */,
			);
			buildRules = (
			);
			dependencies = (
				956E24611973D780006BB970 /* PBXTargetDependency */,
			);
			name = WeCenterMobileTests;
			productName = WeCenterMobileTests;
			productReference = 95A32E871992223300E7BDE9 /* WeCenterMobileTests.xctest */;
			productType = "com.apple.product-type.bundle.unit-test";
		};
/* End PBXNativeTarget section */

/* Begin PBXProject section */
		956E24421973D780006BB970 /* Project object */ = {
			isa = PBXProject;
			attributes = {
				LastUpgradeCheck = 0600;
				ORGANIZATIONNAME = ifLab;
				TargetAttributes = {
					956E24491973D780006BB970 = {
						CreatedOnToolsVersion = 6.0;
						DevelopmentTeam = ZRU9NS7944;
					};
					956E245E1973D780006BB970 = {
						CreatedOnToolsVersion = 6.0;
						TestTargetID = 956E24491973D780006BB970;
					};
				};
			};
			buildConfigurationList = 956E24451973D780006BB970 /* Build configuration list for PBXProject "WeCenterMobile" */;
			compatibilityVersion = "Xcode 3.2";
			developmentRegion = English;
			hasScannedForEncodings = 0;
			knownRegions = (
				en,
				"zh-Hans",
				"zh-Hant",
			);
			mainGroup = 956E24411973D780006BB970;
			productRefGroup = 956E24411973D780006BB970;
			projectDirPath = "";
			projectRoot = "";
			targets = (
				956E24491973D780006BB970 /* WeCenterMobile */,
				956E245E1973D780006BB970 /* WeCenterMobileTests */,
			);
		};
/* End PBXProject section */

/* Begin PBXResourcesBuildPhase section */
		956E24481973D780006BB970 /* Resources */ = {
			isa = PBXResourcesBuildPhase;
			buildActionMask = 2147483647;
			files = (
				95BB01B41995CC9E0049CAD2 /* User.strings in Resources */,
				95A81155198C0EA4003E863B /* Question.plist in Resources */,
				95A81157198C0EA4003E863B /* Welcome.plist in Resources */,
				95A81154198C0EA4003E863B /* Discovery.plist in Resources */,
				95A81151198C0EA4003E863B /* Discovery.strings in Resources */,
				95A81156198C0EA4003E863B /* User.plist in Resources */,
				95A81153198C0EA4003E863B /* Answer.plist in Resources */,
				95A81152198C0EA4003E863B /* Welcome.strings in Resources */,
				95A32EB9199222FC00E7BDE9 /* Info.plist in Resources */,
				95AF0D9C1992BEBA00513031 /* Images.xcassets in Resources */,
				95A811B1198C0EBA003E863B /* .gitignore in Resources */,
				47E0707F198E220900DFFEF9 /* Topic.plist in Resources */,
			);
			runOnlyForDeploymentPostprocessing = 0;
		};
		956E245D1973D780006BB970 /* Resources */ = {
			isa = PBXResourcesBuildPhase;
			buildActionMask = 2147483647;
			files = (
			);
			runOnlyForDeploymentPostprocessing = 0;
		};
/* End PBXResourcesBuildPhase section */

/* Begin PBXSourcesBuildPhase section */
		956E24461973D780006BB970 /* Sources */ = {
			isa = PBXSourcesBuildPhase;
			buildActionMask = 2147483647;
			files = (
				95C695E5199EE15E009022D8 /* User_Topic.swift in Sources */,
				959A2220198D530E00A25406 /* QuestionActivity_Topic.swift in Sources */,
				95C4B93C199D6495005DBC26 /* BFPaperTableViewCell.m in Sources */,
				95A811A8198C0EBA003E863B /* AFHTTPRequestOperation.m in Sources */,
				95A811C5198C0EBA003E863B /* UIImageView+AFNetworking.m in Sources */,
				95C695E3199EDF3B009022D8 /* User.swift in Sources */,
				95A811B9198C0EBA003E863B /* AlertView.swift in Sources */,
				9563956A198D3EDF002F3340 /* ArticalActivity.swift in Sources */,
				95BB01A41995C3FC0049CAD2 /* HomeViewController.swift in Sources */,
				95C4B936199D6495005DBC26 /* BFPaperButton.m in Sources */,
				956E24531973D780006BB970 /* WeCenterMobile.xcdatamodeld in Sources */,
				95A8113E198C0E91003E863B /* Model.swift in Sources */,
				95A811BA198C0EBA003E863B /* NavigationController.swift in Sources */,
				95C4B941199D6495005DBC26 /* UIColor+BFPaperColors.m in Sources */,
				95A811C2198C0EBA003E863B /* UIActivityIndicatorView+AFNetworking.m in Sources */,
				95A811C0198C0EBA003E863B /* UIView+KeyboardUtility.swift in Sources */,
				95BB01AA1995C3FC0049CAD2 /* UserPostViewController.swift in Sources */,
				95BB01A81995C3FC0049CAD2 /* UserEditViewController.swift in Sources */,
				95D785F5199AF2D1009E7C5D /* LoadMoreControl.swift in Sources */,
				95BB01A51995C3FC0049CAD2 /* MainViewController.swift in Sources */,
				95A811B0198C0EBA003E863B /* AFURLSessionManager.m in Sources */,
				95A811C4198C0EBA003E863B /* UIButton+AFNetworking.m in Sources */,
				95C4B939199D6495005DBC26 /* BFPaperCheckbox.m in Sources */,
				95A811AA198C0EBA003E863B /* AFHTTPSessionManager.m in Sources */,
				95A32EBD19922E3800E7BDE9 /* SegmentedViewController.swift in Sources */,
				95A811B6198C0EBA003E863B /* Namespace.swift in Sources */,
				95A811AB198C0EBA003E863B /* AFNetworkReachabilityManager.m in Sources */,
				95A811B2198C0EBA003E863B /* Array+Accessor.swift in Sources */,
				95A811AF198C0EBA003E863B /* AFURLResponseSerialization.m in Sources */,
				95BB01A91995C3FC0049CAD2 /* UserViewController.swift in Sources */,
				95BB01B21995C3FC0049CAD2 /* WelcomeView.swift in Sources */,
				95A811B8198C0EBA003E863B /* AlertAction.swift in Sources */,
				9540823019963D6200A19C8B /* Circle.swift in Sources */,
				95A811B3198C0EBA003E863B /* Localization.swift in Sources */,
				95A811C1198C0EBA003E863B /* AFNetworkActivityIndicatorManager.m in Sources */,
				95BB01AD1995C3FC0049CAD2 /* LoginView.swift in Sources */,
				95A811AE198C0EBA003E863B /* AFURLRequestSerialization.m in Sources */,
				95CDEE34199EDCA8000AC63F /* Topic.swift in Sources */,
				95A811C6198C0EBA003E863B /* UIProgressView+AFNetworking.m in Sources */,
				95639570198D3EDF002F3340 /* Activity.swift in Sources */,
				9531D0171997D1ED0035FAA7 /* ActivityListViewController.swift in Sources */,
				95A811B4198C0EBA003E863B /* Property.swift in Sources */,
				95A811BD198C0EBA003E863B /* Sidebar.swift in Sources */,
				95A811AD198C0EBA003E863B /* AFURLConnectionOperation.m in Sources */,
				95BB01A31995C3FC0049CAD2 /* DiscoveryViewController.swift in Sources */,
				95A811A9198C0EBA003E863B /* AFHTTPRequestOperationManager.m in Sources */,
				9562D81A1996DE080044DAF8 /* UserButton.swift in Sources */,
				95A811BE198C0EBA003E863B /* UIColor+Msr.swift in Sources */,
				95A811C3198C0EBA003E863B /* UIAlertView+AFNetworking.m in Sources */,
				95A811BF198C0EBA003E863B /* UIImage+Resize.swift in Sources */,
				95A811AC198C0EBA003E863B /* AFSecurityPolicy.m in Sources */,
				95CDEE30199ED949000AC63F /* TopicListViewController.swift in Sources */,
				95A811BC198C0EBA003E863B /* Shape.swift in Sources */,
				95BB01AC1995C3FC0049CAD2 /* ActivityCell.swift in Sources */,
				956E24501973D780006BB970 /* AppDelegate.swift in Sources */,
				95A811BB198C0EBA003E863B /* Rectangle.swift in Sources */,
				95A811C8198C0EBA003E863B /* UIWebView+AFNetworking.m in Sources */,
				95A811C7198C0EBA003E863B /* UIRefreshControl+AFNetworking.m in Sources */,
				95BB01B01995C3FC0049CAD2 /* UserGenderCell.swift in Sources */,
				9531D0151996ED510035FAA7 /* UserCountView.swift in Sources */,
				95639574198D4D50002F3340 /* QuestionActivity.swift in Sources */,
				95BB01AB1995C3FC0049CAD2 /* WelcomeViewController.swift in Sources */,
			);
			runOnlyForDeploymentPostprocessing = 0;
		};
		956E245B1973D780006BB970 /* Sources */ = {
			isa = PBXSourcesBuildPhase;
			buildActionMask = 2147483647;
			files = (
			);
			runOnlyForDeploymentPostprocessing = 0;
		};
/* End PBXSourcesBuildPhase section */

/* Begin PBXTargetDependency section */
		956E24611973D780006BB970 /* PBXTargetDependency */ = {
			isa = PBXTargetDependency;
			target = 956E24491973D780006BB970 /* WeCenterMobile */;
			targetProxy = 956E24601973D780006BB970 /* PBXContainerItemProxy */;
		};
/* End PBXTargetDependency section */

/* Begin PBXVariantGroup section */
		95A81143198C0EA4003E863B /* Discovery.strings */ = {
			isa = PBXVariantGroup;
			children = (
				95A81144198C0EA4003E863B /* en */,
				95A81147198C0EA4003E863B /* zh-Hans */,
				95A81149198C0EA4003E863B /* zh-Hant */,
			);
			name = Discovery.strings;
			sourceTree = "<group>";
		};
		95A81145198C0EA4003E863B /* Welcome.strings */ = {
			isa = PBXVariantGroup;
			children = (
				95A81146198C0EA4003E863B /* en */,
				95A81148198C0EA4003E863B /* zh-Hans */,
				95A8114A198C0EA4003E863B /* zh-Hant */,
			);
			name = Welcome.strings;
			sourceTree = "<group>";
		};
		BEC5C4F9198FA0D9002A79FF /* User.strings */ = {
			isa = PBXVariantGroup;
			children = (
				BEC5C4F8198FA0D9002A79FF /* en */,
				BEC5C4FA198FA0DC002A79FF /* zh-Hans */,
				95BB01B31995CA140049CAD2 /* zh-Hant */,
			);
			name = User.strings;
			sourceTree = "<group>";
		};
/* End PBXVariantGroup section */

/* Begin XCBuildConfiguration section */
		956E24671973D780006BB970 /* Debug */ = {
			isa = XCBuildConfiguration;
			buildSettings = {
				ALWAYS_SEARCH_USER_PATHS = NO;
				CLANG_CXX_LANGUAGE_STANDARD = "gnu++0x";
				CLANG_CXX_LIBRARY = "libc++";
				CLANG_ENABLE_MODULES = YES;
				CLANG_ENABLE_OBJC_ARC = YES;
				CLANG_WARN_BOOL_CONVERSION = YES;
				CLANG_WARN_CONSTANT_CONVERSION = YES;
				CLANG_WARN_DIRECT_OBJC_ISA_USAGE = YES_ERROR;
				CLANG_WARN_EMPTY_BODY = YES;
				CLANG_WARN_ENUM_CONVERSION = YES;
				CLANG_WARN_INT_CONVERSION = YES;
				CLANG_WARN_OBJC_ROOT_CLASS = YES_ERROR;
				CLANG_WARN_UNREACHABLE_CODE = YES;
				CLANG_WARN__DUPLICATE_METHOD_MATCH = YES;
				"CODE_SIGN_IDENTITY[sdk=iphoneos*]" = "iPhone Developer";
				COPY_PHASE_STRIP = NO;
				ENABLE_STRICT_OBJC_MSGSEND = YES;
				GCC_C_LANGUAGE_STANDARD = gnu99;
				GCC_DYNAMIC_NO_PIC = NO;
				GCC_OPTIMIZATION_LEVEL = 0;
				GCC_PREPROCESSOR_DEFINITIONS = (
					"DEBUG=1",
					"$(inherited)",
				);
				GCC_SYMBOLS_PRIVATE_EXTERN = NO;
				GCC_WARN_64_TO_32_BIT_CONVERSION = YES;
				GCC_WARN_ABOUT_RETURN_TYPE = YES_ERROR;
				GCC_WARN_UNDECLARED_SELECTOR = YES;
				GCC_WARN_UNINITIALIZED_AUTOS = YES_AGGRESSIVE;
				GCC_WARN_UNUSED_FUNCTION = YES;
				GCC_WARN_UNUSED_VARIABLE = YES;
				IPHONEOS_DEPLOYMENT_TARGET = 8.0;
				MTL_ENABLE_DEBUG_INFO = YES;
				ONLY_ACTIVE_ARCH = YES;
				OTHER_SWIFT_FLAGS = "-D DEBUG";
				SDKROOT = iphoneos;
				SWIFT_OBJC_BRIDGING_HEADER = WeCenterMobile/Header.h;
				SWIFT_OPTIMIZATION_LEVEL = "-Onone";
			};
			name = Debug;
		};
		956E24681973D780006BB970 /* Release */ = {
			isa = XCBuildConfiguration;
			buildSettings = {
				ALWAYS_SEARCH_USER_PATHS = NO;
				CLANG_CXX_LANGUAGE_STANDARD = "gnu++0x";
				CLANG_CXX_LIBRARY = "libc++";
				CLANG_ENABLE_MODULES = YES;
				CLANG_ENABLE_OBJC_ARC = YES;
				CLANG_WARN_BOOL_CONVERSION = YES;
				CLANG_WARN_CONSTANT_CONVERSION = YES;
				CLANG_WARN_DIRECT_OBJC_ISA_USAGE = YES_ERROR;
				CLANG_WARN_EMPTY_BODY = YES;
				CLANG_WARN_ENUM_CONVERSION = YES;
				CLANG_WARN_INT_CONVERSION = YES;
				CLANG_WARN_OBJC_ROOT_CLASS = YES_ERROR;
				CLANG_WARN_UNREACHABLE_CODE = YES;
				CLANG_WARN__DUPLICATE_METHOD_MATCH = YES;
				"CODE_SIGN_IDENTITY[sdk=iphoneos*]" = "iPhone Developer";
				COPY_PHASE_STRIP = YES;
				ENABLE_NS_ASSERTIONS = NO;
				ENABLE_STRICT_OBJC_MSGSEND = YES;
				GCC_C_LANGUAGE_STANDARD = gnu99;
				GCC_WARN_64_TO_32_BIT_CONVERSION = YES;
				GCC_WARN_ABOUT_RETURN_TYPE = YES_ERROR;
				GCC_WARN_UNDECLARED_SELECTOR = YES;
				GCC_WARN_UNINITIALIZED_AUTOS = YES_AGGRESSIVE;
				GCC_WARN_UNUSED_FUNCTION = YES;
				GCC_WARN_UNUSED_VARIABLE = YES;
				IPHONEOS_DEPLOYMENT_TARGET = 8.0;
				MTL_ENABLE_DEBUG_INFO = NO;
				OTHER_SWIFT_FLAGS = "-D DEBUG";
				SDKROOT = iphoneos;
				SWIFT_OBJC_BRIDGING_HEADER = WeCenterMobile/Header.h;
				VALIDATE_PRODUCT = YES;
			};
			name = Release;
		};
		956E246A1973D780006BB970 /* Debug */ = {
			isa = XCBuildConfiguration;
			buildSettings = {
				ASSETCATALOG_COMPILER_APPICON_NAME = AppIcon;
				ASSETCATALOG_COMPILER_LAUNCHIMAGE_NAME = LaunchImage;
				CLANG_ENABLE_MODULES = YES;
				CODE_SIGN_IDENTITY = "iPhone Developer";
				"CODE_SIGN_IDENTITY[sdk=iphoneos*]" = "iPhone Developer";
				INFOPLIST_FILE = WeCenterMobile/Info.plist;
				IPHONEOS_DEPLOYMENT_TARGET = 8.0;
				LD_RUNPATH_SEARCH_PATHS = "$(inherited) @executable_path/Frameworks";
				PRODUCT_NAME = "$(TARGET_NAME)";
				PROVISIONING_PROFILE = "";
				SWIFT_OPTIMIZATION_LEVEL = "-Onone";
				TARGETED_DEVICE_FAMILY = "1,2";
			};
			name = Debug;
		};
		956E246B1973D780006BB970 /* Release */ = {
			isa = XCBuildConfiguration;
			buildSettings = {
				ASSETCATALOG_COMPILER_APPICON_NAME = AppIcon;
				ASSETCATALOG_COMPILER_LAUNCHIMAGE_NAME = LaunchImage;
				CLANG_ENABLE_MODULES = YES;
				CODE_SIGN_IDENTITY = "iPhone Developer";
				"CODE_SIGN_IDENTITY[sdk=iphoneos*]" = "iPhone Developer";
				INFOPLIST_FILE = WeCenterMobile/Info.plist;
				IPHONEOS_DEPLOYMENT_TARGET = 8.0;
				LD_RUNPATH_SEARCH_PATHS = "$(inherited) @executable_path/Frameworks";
				PRODUCT_NAME = "$(TARGET_NAME)";
				PROVISIONING_PROFILE = "";
				TARGETED_DEVICE_FAMILY = "1,2";
			};
			name = Release;
		};
		956E246D1973D780006BB970 /* Debug */ = {
			isa = XCBuildConfiguration;
			buildSettings = {
				BUNDLE_LOADER = "$(BUILT_PRODUCTS_DIR)/WeCenterMobile.app/WeCenterMobile";
				FRAMEWORK_SEARCH_PATHS = (
					"$(SDKROOT)/Developer/Library/Frameworks",
					"$(inherited)",
				);
				GCC_PREPROCESSOR_DEFINITIONS = (
					"DEBUG=1",
					"$(inherited)",
				);
				INFOPLIST_FILE = WeCenterMobileTests/Info.plist;
				LD_RUNPATH_SEARCH_PATHS = "$(inherited) @executable_path/Frameworks @loader_path/Frameworks";
				PRODUCT_NAME = "$(TARGET_NAME)";
				TEST_HOST = "$(BUNDLE_LOADER)";
			};
			name = Debug;
		};
		956E246E1973D780006BB970 /* Release */ = {
			isa = XCBuildConfiguration;
			buildSettings = {
				BUNDLE_LOADER = "$(BUILT_PRODUCTS_DIR)/WeCenterMobile.app/WeCenterMobile";
				FRAMEWORK_SEARCH_PATHS = (
					"$(SDKROOT)/Developer/Library/Frameworks",
					"$(inherited)",
				);
				INFOPLIST_FILE = WeCenterMobileTests/Info.plist;
				LD_RUNPATH_SEARCH_PATHS = "$(inherited) @executable_path/Frameworks @loader_path/Frameworks";
				PRODUCT_NAME = "$(TARGET_NAME)";
				TEST_HOST = "$(BUNDLE_LOADER)";
			};
			name = Release;
		};
/* End XCBuildConfiguration section */

/* Begin XCConfigurationList section */
		956E24451973D780006BB970 /* Build configuration list for PBXProject "WeCenterMobile" */ = {
			isa = XCConfigurationList;
			buildConfigurations = (
				956E24671973D780006BB970 /* Debug */,
				956E24681973D780006BB970 /* Release */,
			);
			defaultConfigurationIsVisible = 0;
			defaultConfigurationName = Release;
		};
		956E24691973D780006BB970 /* Build configuration list for PBXNativeTarget "WeCenterMobile" */ = {
			isa = XCConfigurationList;
			buildConfigurations = (
				956E246A1973D780006BB970 /* Debug */,
				956E246B1973D780006BB970 /* Release */,
			);
			defaultConfigurationIsVisible = 0;
			defaultConfigurationName = Release;
		};
		956E246C1973D780006BB970 /* Build configuration list for PBXNativeTarget "WeCenterMobileTests" */ = {
			isa = XCConfigurationList;
			buildConfigurations = (
				956E246D1973D780006BB970 /* Debug */,
				956E246E1973D780006BB970 /* Release */,
			);
			defaultConfigurationIsVisible = 0;
			defaultConfigurationName = Release;
		};
/* End XCConfigurationList section */

/* Begin XCVersionGroup section */
		956E24511973D780006BB970 /* WeCenterMobile.xcdatamodeld */ = {
			isa = XCVersionGroup;
			children = (
				956E24521973D780006BB970 /* WeCenterMobile.xcdatamodel */,
			);
			currentVersion = 956E24521973D780006BB970 /* WeCenterMobile.xcdatamodel */;
			path = WeCenterMobile.xcdatamodeld;
			sourceTree = "<group>";
			versionGroupType = wrapper.xcdatamodel;
		};
/* End XCVersionGroup section */
	};
	rootObject = 956E24421973D780006BB970 /* Project object */;
}
